// !$*UTF8*$!
{
	archiveVersion = 1;
	classes = {
	};
	objectVersion = 56;
	objects = {

/* Begin PBXBuildFile section */
		1E622DD42B61CA31000C679E /* TravelJournalApp.swift in Sources */ = {isa = PBXBuildFile; fileRef = 1E622DD32B61CA31000C679E /* TravelJournalApp.swift */; };
		1E622DD62B61CA31000C679E /* MainView.swift in Sources */ = {isa = PBXBuildFile; fileRef = 1E622DD52B61CA31000C679E /* MainView.swift */; };
		1E622DD82B61CA32000C679E /* Assets.xcassets in Resources */ = {isa = PBXBuildFile; fileRef = 1E622DD72B61CA32000C679E /* Assets.xcassets */; };
		1E622DDB2B61CA32000C679E /* Preview Assets.xcassets in Resources */ = {isa = PBXBuildFile; fileRef = 1E622DDA2B61CA32000C679E /* Preview Assets.xcassets */; };
		1E622DE52B61CA32000C679E /* TravelJournalTests.swift in Sources */ = {isa = PBXBuildFile; fileRef = 1E622DE42B61CA32000C679E /* TravelJournalTests.swift */; };
		1E622DEF2B61CA32000C679E /* TravelJournalUITests.swift in Sources */ = {isa = PBXBuildFile; fileRef = 1E622DEE2B61CA32000C679E /* TravelJournalUITests.swift */; };
		1E622DF12B61CA32000C679E /* TravelJournalUITestsLaunchTests.swift in Sources */ = {isa = PBXBuildFile; fileRef = 1E622DF02B61CA32000C679E /* TravelJournalUITestsLaunchTests.swift */; };
		1E622DFE2B61D475000C679E /* GoogleService-Info.plist in Resources */ = {isa = PBXBuildFile; fileRef = 1E622DFD2B61D475000C679E /* GoogleService-Info.plist */; };
		1E622E012B61D589000C679E /* FirebaseAnalytics in Frameworks */ = {isa = PBXBuildFile; productRef = 1E622E002B61D589000C679E /* FirebaseAnalytics */; };
		1E622E032B61D589000C679E /* FirebaseAuth in Frameworks */ = {isa = PBXBuildFile; productRef = 1E622E022B61D589000C679E /* FirebaseAuth */; };
		1E622E052B61D589000C679E /* FirebaseFirestore in Frameworks */ = {isa = PBXBuildFile; productRef = 1E622E042B61D589000C679E /* FirebaseFirestore */; };
		1E622E072B61D589000C679E /* FirebaseFirestoreSwift in Frameworks */ = {isa = PBXBuildFile; productRef = 1E622E062B61D589000C679E /* FirebaseFirestoreSwift */; };
		1E622E0C2B61D8ED000C679E /* ProfileView.swift in Sources */ = {isa = PBXBuildFile; fileRef = 1E622E0B2B61D8ED000C679E /* ProfileView.swift */; };
		1E622E0E2B61D984000C679E /* User.swift in Sources */ = {isa = PBXBuildFile; fileRef = 1E622E0D2B61D984000C679E /* User.swift */; };
		1E622E102B61DBFF000C679E /* MainViewViewModel.swift in Sources */ = {isa = PBXBuildFile; fileRef = 1E622E0F2B61DBFF000C679E /* MainViewViewModel.swift */; };
		1E622E122B61DC08000C679E /* ProfileViewViewModel.swift in Sources */ = {isa = PBXBuildFile; fileRef = 1E622E112B61DC08000C679E /* ProfileViewViewModel.swift */; };
		1E622E142B61DC2D000C679E /* LoginView.swift in Sources */ = {isa = PBXBuildFile; fileRef = 1E622E132B61DC2D000C679E /* LoginView.swift */; };
		1E622E162B61DC36000C679E /* RegisterView.swift in Sources */ = {isa = PBXBuildFile; fileRef = 1E622E152B61DC36000C679E /* RegisterView.swift */; };
		1E622E182B61E6B1000C679E /* HeaderView.swift in Sources */ = {isa = PBXBuildFile; fileRef = 1E622E172B61E6B1000C679E /* HeaderView.swift */; };
		1E622E1A2B61F50A000C679E /* TLButton.swift in Sources */ = {isa = PBXBuildFile; fileRef = 1E622E192B61F50A000C679E /* TLButton.swift */; };
		1E622E1C2B61F9CD000C679E /* LoginViewViewModel.swift in Sources */ = {isa = PBXBuildFile; fileRef = 1E622E1B2B61F9CD000C679E /* LoginViewViewModel.swift */; };
		1E622E1E2B6202D9000C679E /* RegisterViewViewModel.swift in Sources */ = {isa = PBXBuildFile; fileRef = 1E622E1D2B6202D9000C679E /* RegisterViewViewModel.swift */; };
		1E622E202B620BC6000C679E /* Extensions.swift in Sources */ = {isa = PBXBuildFile; fileRef = 1E622E1F2B620BC6000C679E /* Extensions.swift */; };
		1E622E222B62D7EB000C679E /* MapView.swift in Sources */ = {isa = PBXBuildFile; fileRef = 1E622E212B62D7EB000C679E /* MapView.swift */; };
		1E622E242B62D999000C679E /* ExploreView.swift in Sources */ = {isa = PBXBuildFile; fileRef = 1E622E232B62D999000C679E /* ExploreView.swift */; };
		1E622E262B62DD0E000C679E /* MapItemViewViewModel.swift in Sources */ = {isa = PBXBuildFile; fileRef = 1E622E252B62DD0E000C679E /* MapItemViewViewModel.swift */; };
		1E622E282B62DD1E000C679E /* MapItemView.swift in Sources */ = {isa = PBXBuildFile; fileRef = 1E622E272B62DD1E000C679E /* MapItemView.swift */; };
		1E622E2A2B62DD97000C679E /* MapViewViewModel.swift in Sources */ = {isa = PBXBuildFile; fileRef = 1E622E292B62DD97000C679E /* MapViewViewModel.swift */; };
		1E622E2C2B62DFB5000C679E /* TripView.swift in Sources */ = {isa = PBXBuildFile; fileRef = 1E622E2B2B62DFB4000C679E /* TripView.swift */; };
		1E622E2E2B62DFBC000C679E /* TripViewViewModel.swift in Sources */ = {isa = PBXBuildFile; fileRef = 1E622E2D2B62DFBC000C679E /* TripViewViewModel.swift */; };
		1E622E302B63E7CB000C679E /* NewTripView.swift in Sources */ = {isa = PBXBuildFile; fileRef = 1E622E2F2B63E7CB000C679E /* NewTripView.swift */; };
		1E622E322B63E88A000C679E /* NewTripViewViewModel.swift in Sources */ = {isa = PBXBuildFile; fileRef = 1E622E312B63E88A000C679E /* NewTripViewViewModel.swift */; };
		1E622E342B66046B000C679E /* TripItem.swift in Sources */ = {isa = PBXBuildFile; fileRef = 1E622E332B66046B000C679E /* TripItem.swift */; };
/* End PBXBuildFile section */

/* Begin PBXContainerItemProxy section */
		1E622DE12B61CA32000C679E /* PBXContainerItemProxy */ = {
			isa = PBXContainerItemProxy;
			containerPortal = 1E622DC82B61CA31000C679E /* Project object */;
			proxyType = 1;
			remoteGlobalIDString = 1E622DCF2B61CA31000C679E;
			remoteInfo = TravelJournal;
		};
		1E622DEB2B61CA32000C679E /* PBXContainerItemProxy */ = {
			isa = PBXContainerItemProxy;
			containerPortal = 1E622DC82B61CA31000C679E /* Project object */;
			proxyType = 1;
			remoteGlobalIDString = 1E622DCF2B61CA31000C679E;
			remoteInfo = TravelJournal;
		};
/* End PBXContainerItemProxy section */

/* Begin PBXFileReference section */
		1E622DD02B61CA31000C679E /* TravelJournal.app */ = {isa = PBXFileReference; explicitFileType = wrapper.application; includeInIndex = 0; path = TravelJournal.app; sourceTree = BUILT_PRODUCTS_DIR; };
		1E622DD32B61CA31000C679E /* TravelJournalApp.swift */ = {isa = PBXFileReference; lastKnownFileType = sourcecode.swift; path = TravelJournalApp.swift; sourceTree = "<group>"; };
		1E622DD52B61CA31000C679E /* MainView.swift */ = {isa = PBXFileReference; lastKnownFileType = sourcecode.swift; path = MainView.swift; sourceTree = "<group>"; };
		1E622DD72B61CA32000C679E /* Assets.xcassets */ = {isa = PBXFileReference; lastKnownFileType = folder.assetcatalog; path = Assets.xcassets; sourceTree = "<group>"; };
		1E622DDA2B61CA32000C679E /* Preview Assets.xcassets */ = {isa = PBXFileReference; lastKnownFileType = folder.assetcatalog; path = "Preview Assets.xcassets"; sourceTree = "<group>"; };
		1E622DE02B61CA32000C679E /* TravelJournalTests.xctest */ = {isa = PBXFileReference; explicitFileType = wrapper.cfbundle; includeInIndex = 0; path = TravelJournalTests.xctest; sourceTree = BUILT_PRODUCTS_DIR; };
		1E622DE42B61CA32000C679E /* TravelJournalTests.swift */ = {isa = PBXFileReference; lastKnownFileType = sourcecode.swift; path = TravelJournalTests.swift; sourceTree = "<group>"; };
		1E622DEA2B61CA32000C679E /* TravelJournalUITests.xctest */ = {isa = PBXFileReference; explicitFileType = wrapper.cfbundle; includeInIndex = 0; path = TravelJournalUITests.xctest; sourceTree = BUILT_PRODUCTS_DIR; };
		1E622DEE2B61CA32000C679E /* TravelJournalUITests.swift */ = {isa = PBXFileReference; lastKnownFileType = sourcecode.swift; path = TravelJournalUITests.swift; sourceTree = "<group>"; };
		1E622DF02B61CA32000C679E /* TravelJournalUITestsLaunchTests.swift */ = {isa = PBXFileReference; lastKnownFileType = sourcecode.swift; path = TravelJournalUITestsLaunchTests.swift; sourceTree = "<group>"; };
		1E622DFD2B61D475000C679E /* GoogleService-Info.plist */ = {isa = PBXFileReference; fileEncoding = 4; lastKnownFileType = text.plist.xml; name = "GoogleService-Info.plist"; path = "../../../../Downloads/GoogleService-Info.plist"; sourceTree = "<group>"; };
		1E622E0B2B61D8ED000C679E /* ProfileView.swift */ = {isa = PBXFileReference; lastKnownFileType = sourcecode.swift; path = ProfileView.swift; sourceTree = "<group>"; };
		1E622E0D2B61D984000C679E /* User.swift */ = {isa = PBXFileReference; lastKnownFileType = sourcecode.swift; path = User.swift; sourceTree = "<group>"; };
		1E622E0F2B61DBFF000C679E /* MainViewViewModel.swift */ = {isa = PBXFileReference; lastKnownFileType = sourcecode.swift; path = MainViewViewModel.swift; sourceTree = "<group>"; };
		1E622E112B61DC08000C679E /* ProfileViewViewModel.swift */ = {isa = PBXFileReference; lastKnownFileType = sourcecode.swift; path = ProfileViewViewModel.swift; sourceTree = "<group>"; };
		1E622E132B61DC2D000C679E /* LoginView.swift */ = {isa = PBXFileReference; lastKnownFileType = sourcecode.swift; path = LoginView.swift; sourceTree = "<group>"; };
		1E622E152B61DC36000C679E /* RegisterView.swift */ = {isa = PBXFileReference; lastKnownFileType = sourcecode.swift; path = RegisterView.swift; sourceTree = "<group>"; };
		1E622E172B61E6B1000C679E /* HeaderView.swift */ = {isa = PBXFileReference; lastKnownFileType = sourcecode.swift; path = HeaderView.swift; sourceTree = "<group>"; };
		1E622E192B61F50A000C679E /* TLButton.swift */ = {isa = PBXFileReference; lastKnownFileType = sourcecode.swift; path = TLButton.swift; sourceTree = "<group>"; };
		1E622E1B2B61F9CD000C679E /* LoginViewViewModel.swift */ = {isa = PBXFileReference; lastKnownFileType = sourcecode.swift; path = LoginViewViewModel.swift; sourceTree = "<group>"; };
		1E622E1D2B6202D9000C679E /* RegisterViewViewModel.swift */ = {isa = PBXFileReference; lastKnownFileType = sourcecode.swift; path = RegisterViewViewModel.swift; sourceTree = "<group>"; };
		1E622E1F2B620BC6000C679E /* Extensions.swift */ = {isa = PBXFileReference; lastKnownFileType = sourcecode.swift; path = Extensions.swift; sourceTree = "<group>"; };
		1E622E212B62D7EB000C679E /* MapView.swift */ = {isa = PBXFileReference; lastKnownFileType = sourcecode.swift; path = MapView.swift; sourceTree = "<group>"; };
		1E622E232B62D999000C679E /* ExploreView.swift */ = {isa = PBXFileReference; lastKnownFileType = sourcecode.swift; path = ExploreView.swift; sourceTree = "<group>"; };
		1E622E252B62DD0E000C679E /* MapItemViewViewModel.swift */ = {isa = PBXFileReference; lastKnownFileType = sourcecode.swift; path = MapItemViewViewModel.swift; sourceTree = "<group>"; };
		1E622E272B62DD1E000C679E /* MapItemView.swift */ = {isa = PBXFileReference; lastKnownFileType = sourcecode.swift; path = MapItemView.swift; sourceTree = "<group>"; };
		1E622E292B62DD97000C679E /* MapViewViewModel.swift */ = {isa = PBXFileReference; lastKnownFileType = sourcecode.swift; path = MapViewViewModel.swift; sourceTree = "<group>"; };
		1E622E2B2B62DFB4000C679E /* TripView.swift */ = {isa = PBXFileReference; lastKnownFileType = sourcecode.swift; path = TripView.swift; sourceTree = "<group>"; };
		1E622E2D2B62DFBC000C679E /* TripViewViewModel.swift */ = {isa = PBXFileReference; lastKnownFileType = sourcecode.swift; path = TripViewViewModel.swift; sourceTree = "<group>"; };
		1E622E2F2B63E7CB000C679E /* NewTripView.swift */ = {isa = PBXFileReference; lastKnownFileType = sourcecode.swift; path = NewTripView.swift; sourceTree = "<group>"; };
		1E622E312B63E88A000C679E /* NewTripViewViewModel.swift */ = {isa = PBXFileReference; lastKnownFileType = sourcecode.swift; path = NewTripViewViewModel.swift; sourceTree = "<group>"; };
		1E622E332B66046B000C679E /* TripItem.swift */ = {isa = PBXFileReference; lastKnownFileType = sourcecode.swift; path = TripItem.swift; sourceTree = "<group>"; };
/* End PBXFileReference section */

/* Begin PBXFrameworksBuildPhase section */
		1E622DCD2B61CA31000C679E /* Frameworks */ = {
			isa = PBXFrameworksBuildPhase;
			buildActionMask = 2147483647;
			files = (
				1E622E012B61D589000C679E /* FirebaseAnalytics in Frameworks */,
				1E622E032B61D589000C679E /* FirebaseAuth in Frameworks */,
				1E622E052B61D589000C679E /* FirebaseFirestore in Frameworks */,
				1E622E072B61D589000C679E /* FirebaseFirestoreSwift in Frameworks */,
			);
			runOnlyForDeploymentPostprocessing = 0;
		};
		1E622DDD2B61CA32000C679E /* Frameworks */ = {
			isa = PBXFrameworksBuildPhase;
			buildActionMask = 2147483647;
			files = (
			);
			runOnlyForDeploymentPostprocessing = 0;
		};
		1E622DE72B61CA32000C679E /* Frameworks */ = {
			isa = PBXFrameworksBuildPhase;
			buildActionMask = 2147483647;
			files = (
			);
			runOnlyForDeploymentPostprocessing = 0;
		};
/* End PBXFrameworksBuildPhase section */

/* Begin PBXGroup section */
		1E622DC72B61CA31000C679E = {
			isa = PBXGroup;
			children = (
				1E622DD22B61CA31000C679E /* TravelJournal */,
				1E622DE32B61CA32000C679E /* TravelJournalTests */,
				1E622DED2B61CA32000C679E /* TravelJournalUITests */,
				1E622DD12B61CA31000C679E /* Products */,
			);
			sourceTree = "<group>";
		};
		1E622DD12B61CA31000C679E /* Products */ = {
			isa = PBXGroup;
			children = (
				1E622DD02B61CA31000C679E /* TravelJournal.app */,
				1E622DE02B61CA32000C679E /* TravelJournalTests.xctest */,
				1E622DEA2B61CA32000C679E /* TravelJournalUITests.xctest */,
			);
			name = Products;
			sourceTree = "<group>";
		};
		1E622DD22B61CA31000C679E /* TravelJournal */ = {
			isa = PBXGroup;
			children = (
				1E622E0A2B61D76F000C679E /* Models */,
				1E622E092B61D759000C679E /* ViewModels */,
				1E622E082B61D755000C679E /* Views */,
				1E622DFD2B61D475000C679E /* GoogleService-Info.plist */,
				1E622DD32B61CA31000C679E /* TravelJournalApp.swift */,
				1E622DD72B61CA32000C679E /* Assets.xcassets */,
				1E622DD92B61CA32000C679E /* Preview Content */,
				1E622E1F2B620BC6000C679E /* Extensions.swift */,
			);
			path = TravelJournal;
			sourceTree = "<group>";
		};
		1E622DD92B61CA32000C679E /* Preview Content */ = {
			isa = PBXGroup;
			children = (
				1E622DDA2B61CA32000C679E /* Preview Assets.xcassets */,
			);
			path = "Preview Content";
			sourceTree = "<group>";
		};
		1E622DE32B61CA32000C679E /* TravelJournalTests */ = {
			isa = PBXGroup;
			children = (
				1E622DE42B61CA32000C679E /* TravelJournalTests.swift */,
			);
			path = TravelJournalTests;
			sourceTree = "<group>";
		};
		1E622DED2B61CA32000C679E /* TravelJournalUITests */ = {
			isa = PBXGroup;
			children = (
				1E622DEE2B61CA32000C679E /* TravelJournalUITests.swift */,
				1E622DF02B61CA32000C679E /* TravelJournalUITestsLaunchTests.swift */,
			);
			path = TravelJournalUITests;
			sourceTree = "<group>";
		};
		1E622E082B61D755000C679E /* Views */ = {
			isa = PBXGroup;
			children = (
				1E622DD52B61CA31000C679E /* MainView.swift */,
				1E622E0B2B61D8ED000C679E /* ProfileView.swift */,
				1E622E132B61DC2D000C679E /* LoginView.swift */,
				1E622E152B61DC36000C679E /* RegisterView.swift */,
				1E622E172B61E6B1000C679E /* HeaderView.swift */,
				1E622E192B61F50A000C679E /* TLButton.swift */,
				1E622E212B62D7EB000C679E /* MapView.swift */,
				1E622E232B62D999000C679E /* ExploreView.swift */,
				1E622E272B62DD1E000C679E /* MapItemView.swift */,
				1E622E2B2B62DFB4000C679E /* TripView.swift */,
				1E622E2F2B63E7CB000C679E /* NewTripView.swift */,
			);
			path = Views;
			sourceTree = "<group>";
		};
		1E622E092B61D759000C679E /* ViewModels */ = {
			isa = PBXGroup;
			children = (
				1E622E0F2B61DBFF000C679E /* MainViewViewModel.swift */,
				1E622E112B61DC08000C679E /* ProfileViewViewModel.swift */,
				1E622E1B2B61F9CD000C679E /* LoginViewViewModel.swift */,
				1E622E1D2B6202D9000C679E /* RegisterViewViewModel.swift */,
				1E622E252B62DD0E000C679E /* MapItemViewViewModel.swift */,
				1E622E292B62DD97000C679E /* MapViewViewModel.swift */,
				1E622E2D2B62DFBC000C679E /* TripViewViewModel.swift */,
				1E622E312B63E88A000C679E /* NewTripViewViewModel.swift */,
			);
			path = ViewModels;
			sourceTree = "<group>";
		};
		1E622E0A2B61D76F000C679E /* Models */ = {
			isa = PBXGroup;
			children = (
				1E622E0D2B61D984000C679E /* User.swift */,
				1E622E332B66046B000C679E /* TripItem.swift */,
			);
			path = Models;
			sourceTree = "<group>";
		};
/* End PBXGroup section */

/* Begin PBXNativeTarget section */
		1E622DCF2B61CA31000C679E /* TravelJournal */ = {
			isa = PBXNativeTarget;
			buildConfigurationList = 1E622DF42B61CA32000C679E /* Build configuration list for PBXNativeTarget "TravelJournal" */;
			buildPhases = (
				1E622DCC2B61CA31000C679E /* Sources */,
				1E622DCD2B61CA31000C679E /* Frameworks */,
				1E622DCE2B61CA31000C679E /* Resources */,
			);
			buildRules = (
			);
			dependencies = (
			);
			name = TravelJournal;
			packageProductDependencies = (
				1E622E002B61D589000C679E /* FirebaseAnalytics */,
				1E622E022B61D589000C679E /* FirebaseAuth */,
				1E622E042B61D589000C679E /* FirebaseFirestore */,
				1E622E062B61D589000C679E /* FirebaseFirestoreSwift */,
			);
			productName = TravelJournal;
			productReference = 1E622DD02B61CA31000C679E /* TravelJournal.app */;
			productType = "com.apple.product-type.application";
		};
		1E622DDF2B61CA32000C679E /* TravelJournalTests */ = {
			isa = PBXNativeTarget;
			buildConfigurationList = 1E622DF72B61CA32000C679E /* Build configuration list for PBXNativeTarget "TravelJournalTests" */;
			buildPhases = (
				1E622DDC2B61CA32000C679E /* Sources */,
				1E622DDD2B61CA32000C679E /* Frameworks */,
				1E622DDE2B61CA32000C679E /* Resources */,
			);
			buildRules = (
			);
			dependencies = (
				1E622DE22B61CA32000C679E /* PBXTargetDependency */,
			);
			name = TravelJournalTests;
			productName = TravelJournalTests;
			productReference = 1E622DE02B61CA32000C679E /* TravelJournalTests.xctest */;
			productType = "com.apple.product-type.bundle.unit-test";
		};
		1E622DE92B61CA32000C679E /* TravelJournalUITests */ = {
			isa = PBXNativeTarget;
			buildConfigurationList = 1E622DFA2B61CA32000C679E /* Build configuration list for PBXNativeTarget "TravelJournalUITests" */;
			buildPhases = (
				1E622DE62B61CA32000C679E /* Sources */,
				1E622DE72B61CA32000C679E /* Frameworks */,
				1E622DE82B61CA32000C679E /* Resources */,
			);
			buildRules = (
			);
			dependencies = (
				1E622DEC2B61CA32000C679E /* PBXTargetDependency */,
			);
			name = TravelJournalUITests;
			productName = TravelJournalUITests;
			productReference = 1E622DEA2B61CA32000C679E /* TravelJournalUITests.xctest */;
			productType = "com.apple.product-type.bundle.ui-testing";
		};
/* End PBXNativeTarget section */

/* Begin PBXProject section */
		1E622DC82B61CA31000C679E /* Project object */ = {
			isa = PBXProject;
			attributes = {
				BuildIndependentTargetsInParallel = 1;
				LastSwiftUpdateCheck = 1430;
				LastUpgradeCheck = 1430;
				TargetAttributes = {
					1E622DCF2B61CA31000C679E = {
						CreatedOnToolsVersion = 14.3.1;
					};
					1E622DDF2B61CA32000C679E = {
						CreatedOnToolsVersion = 14.3.1;
						TestTargetID = 1E622DCF2B61CA31000C679E;
					};
					1E622DE92B61CA32000C679E = {
						CreatedOnToolsVersion = 14.3.1;
						TestTargetID = 1E622DCF2B61CA31000C679E;
					};
				};
			};
			buildConfigurationList = 1E622DCB2B61CA31000C679E /* Build configuration list for PBXProject "TravelJournal" */;
			compatibilityVersion = "Xcode 14.0";
			developmentRegion = en;
			hasScannedForEncodings = 0;
			knownRegions = (
				en,
				Base,
			);
			mainGroup = 1E622DC72B61CA31000C679E;
			packageReferences = (
				1E622DFF2B61D589000C679E /* XCRemoteSwiftPackageReference "firebase-ios-sdk" */,
			);
			productRefGroup = 1E622DD12B61CA31000C679E /* Products */;
			projectDirPath = "";
			projectRoot = "";
			targets = (
				1E622DCF2B61CA31000C679E /* TravelJournal */,
				1E622DDF2B61CA32000C679E /* TravelJournalTests */,
				1E622DE92B61CA32000C679E /* TravelJournalUITests */,
			);
		};
/* End PBXProject section */

/* Begin PBXResourcesBuildPhase section */
		1E622DCE2B61CA31000C679E /* Resources */ = {
			isa = PBXResourcesBuildPhase;
			buildActionMask = 2147483647;
			files = (
				1E622DDB2B61CA32000C679E /* Preview Assets.xcassets in Resources */,
				1E622DD82B61CA32000C679E /* Assets.xcassets in Resources */,
				1E622DFE2B61D475000C679E /* GoogleService-Info.plist in Resources */,
			);
			runOnlyForDeploymentPostprocessing = 0;
		};
		1E622DDE2B61CA32000C679E /* Resources */ = {
			isa = PBXResourcesBuildPhase;
			buildActionMask = 2147483647;
			files = (
			);
			runOnlyForDeploymentPostprocessing = 0;
		};
		1E622DE82B61CA32000C679E /* Resources */ = {
			isa = PBXResourcesBuildPhase;
			buildActionMask = 2147483647;
			files = (
			);
			runOnlyForDeploymentPostprocessing = 0;
		};
/* End PBXResourcesBuildPhase section */

/* Begin PBXSourcesBuildPhase section */
		1E622DCC2B61CA31000C679E /* Sources */ = {
			isa = PBXSourcesBuildPhase;
			buildActionMask = 2147483647;
			files = (
				1E622E1C2B61F9CD000C679E /* LoginViewViewModel.swift in Sources */,
				1E622E0E2B61D984000C679E /* User.swift in Sources */,
				1E622E1E2B6202D9000C679E /* RegisterViewViewModel.swift in Sources */,
				1E622E182B61E6B1000C679E /* HeaderView.swift in Sources */,
				1E622E2E2B62DFBC000C679E /* TripViewViewModel.swift in Sources */,
				1E622E322B63E88A000C679E /* NewTripViewViewModel.swift in Sources */,
				1E622E242B62D999000C679E /* ExploreView.swift in Sources */,
				1E622E142B61DC2D000C679E /* LoginView.swift in Sources */,
				1E622DD62B61CA31000C679E /* MainView.swift in Sources */,
				1E622E0C2B61D8ED000C679E /* ProfileView.swift in Sources */,
				1E622E222B62D7EB000C679E /* MapView.swift in Sources */,
				1E622E262B62DD0E000C679E /* MapItemViewViewModel.swift in Sources */,
				1E622E102B61DBFF000C679E /* MainViewViewModel.swift in Sources */,
				1E622E342B66046B000C679E /* TripItem.swift in Sources */,
				1E622E202B620BC6000C679E /* Extensions.swift in Sources */,
				1E622E2C2B62DFB5000C679E /* TripView.swift in Sources */,
				1E622E2A2B62DD97000C679E /* MapViewViewModel.swift in Sources */,
				1E622E302B63E7CB000C679E /* NewTripView.swift in Sources */,
				1E622E162B61DC36000C679E /* RegisterView.swift in Sources */,
				1E622DD42B61CA31000C679E /* TravelJournalApp.swift in Sources */,
				1E622E282B62DD1E000C679E /* MapItemView.swift in Sources */,
				1E622E122B61DC08000C679E /* ProfileViewViewModel.swift in Sources */,
				1E622E1A2B61F50A000C679E /* TLButton.swift in Sources */,
			);
			runOnlyForDeploymentPostprocessing = 0;
		};
		1E622DDC2B61CA32000C679E /* Sources */ = {
			isa = PBXSourcesBuildPhase;
			buildActionMask = 2147483647;
			files = (
				1E622DE52B61CA32000C679E /* TravelJournalTests.swift in Sources */,
			);
			runOnlyForDeploymentPostprocessing = 0;
		};
		1E622DE62B61CA32000C679E /* Sources */ = {
			isa = PBXSourcesBuildPhase;
			buildActionMask = 2147483647;
			files = (
				1E622DF12B61CA32000C679E /* TravelJournalUITestsLaunchTests.swift in Sources */,
				1E622DEF2B61CA32000C679E /* TravelJournalUITests.swift in Sources */,
			);
			runOnlyForDeploymentPostprocessing = 0;
		};
/* End PBXSourcesBuildPhase section */

/* Begin PBXTargetDependency section */
		1E622DE22B61CA32000C679E /* PBXTargetDependency */ = {
			isa = PBXTargetDependency;
			target = 1E622DCF2B61CA31000C679E /* TravelJournal */;
			targetProxy = 1E622DE12B61CA32000C679E /* PBXContainerItemProxy */;
		};
		1E622DEC2B61CA32000C679E /* PBXTargetDependency */ = {
			isa = PBXTargetDependency;
			target = 1E622DCF2B61CA31000C679E /* TravelJournal */;
			targetProxy = 1E622DEB2B61CA32000C679E /* PBXContainerItemProxy */;
		};
/* End PBXTargetDependency section */

/* Begin XCBuildConfiguration section */
		1E622DF22B61CA32000C679E /* Debug */ = {
			isa = XCBuildConfiguration;
			buildSettings = {
				ALWAYS_SEARCH_USER_PATHS = NO;
				CLANG_ANALYZER_NONNULL = YES;
				CLANG_ANALYZER_NUMBER_OBJECT_CONVERSION = YES_AGGRESSIVE;
				CLANG_CXX_LANGUAGE_STANDARD = "gnu++20";
				CLANG_ENABLE_MODULES = YES;
				CLANG_ENABLE_OBJC_ARC = YES;
				CLANG_ENABLE_OBJC_WEAK = YES;
				CLANG_WARN_BLOCK_CAPTURE_AUTORELEASING = YES;
				CLANG_WARN_BOOL_CONVERSION = YES;
				CLANG_WARN_COMMA = YES;
				CLANG_WARN_CONSTANT_CONVERSION = YES;
				CLANG_WARN_DEPRECATED_OBJC_IMPLEMENTATIONS = YES;
				CLANG_WARN_DIRECT_OBJC_ISA_USAGE = YES_ERROR;
				CLANG_WARN_DOCUMENTATION_COMMENTS = YES;
				CLANG_WARN_EMPTY_BODY = YES;
				CLANG_WARN_ENUM_CONVERSION = YES;
				CLANG_WARN_INFINITE_RECURSION = YES;
				CLANG_WARN_INT_CONVERSION = YES;
				CLANG_WARN_NON_LITERAL_NULL_CONVERSION = YES;
				CLANG_WARN_OBJC_IMPLICIT_RETAIN_SELF = YES;
				CLANG_WARN_OBJC_LITERAL_CONVERSION = YES;
				CLANG_WARN_OBJC_ROOT_CLASS = YES_ERROR;
				CLANG_WARN_QUOTED_INCLUDE_IN_FRAMEWORK_HEADER = YES;
				CLANG_WARN_RANGE_LOOP_ANALYSIS = YES;
				CLANG_WARN_STRICT_PROTOTYPES = YES;
				CLANG_WARN_SUSPICIOUS_MOVE = YES;
				CLANG_WARN_UNGUARDED_AVAILABILITY = YES_AGGRESSIVE;
				CLANG_WARN_UNREACHABLE_CODE = YES;
				CLANG_WARN__DUPLICATE_METHOD_MATCH = YES;
				COPY_PHASE_STRIP = NO;
				DEBUG_INFORMATION_FORMAT = dwarf;
				ENABLE_STRICT_OBJC_MSGSEND = YES;
				ENABLE_TESTABILITY = YES;
				GCC_C_LANGUAGE_STANDARD = gnu11;
				GCC_DYNAMIC_NO_PIC = NO;
				GCC_NO_COMMON_BLOCKS = YES;
				GCC_OPTIMIZATION_LEVEL = 0;
				GCC_PREPROCESSOR_DEFINITIONS = (
					"DEBUG=1",
					"$(inherited)",
				);
				GCC_WARN_64_TO_32_BIT_CONVERSION = YES;
				GCC_WARN_ABOUT_RETURN_TYPE = YES_ERROR;
				GCC_WARN_UNDECLARED_SELECTOR = YES;
				GCC_WARN_UNINITIALIZED_AUTOS = YES_AGGRESSIVE;
				GCC_WARN_UNUSED_FUNCTION = YES;
				GCC_WARN_UNUSED_VARIABLE = YES;
				IPHONEOS_DEPLOYMENT_TARGET = 16.4;
				MTL_ENABLE_DEBUG_INFO = INCLUDE_SOURCE;
				MTL_FAST_MATH = YES;
				ONLY_ACTIVE_ARCH = YES;
				SDKROOT = iphoneos;
				SWIFT_ACTIVE_COMPILATION_CONDITIONS = DEBUG;
				SWIFT_OPTIMIZATION_LEVEL = "-Onone";
			};
			name = Debug;
		};
		1E622DF32B61CA32000C679E /* Release */ = {
			isa = XCBuildConfiguration;
			buildSettings = {
				ALWAYS_SEARCH_USER_PATHS = NO;
				CLANG_ANALYZER_NONNULL = YES;
				CLANG_ANALYZER_NUMBER_OBJECT_CONVERSION = YES_AGGRESSIVE;
				CLANG_CXX_LANGUAGE_STANDARD = "gnu++20";
				CLANG_ENABLE_MODULES = YES;
				CLANG_ENABLE_OBJC_ARC = YES;
				CLANG_ENABLE_OBJC_WEAK = YES;
				CLANG_WARN_BLOCK_CAPTURE_AUTORELEASING = YES;
				CLANG_WARN_BOOL_CONVERSION = YES;
				CLANG_WARN_COMMA = YES;
				CLANG_WARN_CONSTANT_CONVERSION = YES;
				CLANG_WARN_DEPRECATED_OBJC_IMPLEMENTATIONS = YES;
				CLANG_WARN_DIRECT_OBJC_ISA_USAGE = YES_ERROR;
				CLANG_WARN_DOCUMENTATION_COMMENTS = YES;
				CLANG_WARN_EMPTY_BODY = YES;
				CLANG_WARN_ENUM_CONVERSION = YES;
				CLANG_WARN_INFINITE_RECURSION = YES;
				CLANG_WARN_INT_CONVERSION = YES;
				CLANG_WARN_NON_LITERAL_NULL_CONVERSION = YES;
				CLANG_WARN_OBJC_IMPLICIT_RETAIN_SELF = YES;
				CLANG_WARN_OBJC_LITERAL_CONVERSION = YES;
				CLANG_WARN_OBJC_ROOT_CLASS = YES_ERROR;
				CLANG_WARN_QUOTED_INCLUDE_IN_FRAMEWORK_HEADER = YES;
				CLANG_WARN_RANGE_LOOP_ANALYSIS = YES;
				CLANG_WARN_STRICT_PROTOTYPES = YES;
				CLANG_WARN_SUSPICIOUS_MOVE = YES;
				CLANG_WARN_UNGUARDED_AVAILABILITY = YES_AGGRESSIVE;
				CLANG_WARN_UNREACHABLE_CODE = YES;
				CLANG_WARN__DUPLICATE_METHOD_MATCH = YES;
				COPY_PHASE_STRIP = NO;
				DEBUG_INFORMATION_FORMAT = "dwarf-with-dsym";
				ENABLE_NS_ASSERTIONS = NO;
				ENABLE_STRICT_OBJC_MSGSEND = YES;
				GCC_C_LANGUAGE_STANDARD = gnu11;
				GCC_NO_COMMON_BLOCKS = YES;
				GCC_WARN_64_TO_32_BIT_CONVERSION = YES;
				GCC_WARN_ABOUT_RETURN_TYPE = YES_ERROR;
				GCC_WARN_UNDECLARED_SELECTOR = YES;
				GCC_WARN_UNINITIALIZED_AUTOS = YES_AGGRESSIVE;
				GCC_WARN_UNUSED_FUNCTION = YES;
				GCC_WARN_UNUSED_VARIABLE = YES;
				IPHONEOS_DEPLOYMENT_TARGET = 16.4;
				MTL_ENABLE_DEBUG_INFO = NO;
				MTL_FAST_MATH = YES;
				SDKROOT = iphoneos;
				SWIFT_COMPILATION_MODE = wholemodule;
				SWIFT_OPTIMIZATION_LEVEL = "-O";
				VALIDATE_PRODUCT = YES;
			};
			name = Release;
		};
		1E622DF52B61CA32000C679E /* Debug */ = {
			isa = XCBuildConfiguration;
			buildSettings = {
				ASSETCATALOG_COMPILER_APPICON_NAME = AppIcon;
				ASSETCATALOG_COMPILER_GLOBAL_ACCENT_COLOR_NAME = AccentColor;
				CODE_SIGN_STYLE = Automatic;
				CURRENT_PROJECT_VERSION = 1;
				DEVELOPMENT_ASSET_PATHS = "\"TravelJournal/Preview Content\"";
				ENABLE_PREVIEWS = YES;
				GENERATE_INFOPLIST_FILE = YES;
				INFOPLIST_KEY_UIApplicationSceneManifest_Generation = YES;
				INFOPLIST_KEY_UIApplicationSupportsIndirectInputEvents = YES;
				INFOPLIST_KEY_UILaunchScreen_Generation = YES;
				INFOPLIST_KEY_UISupportedInterfaceOrientations_iPad = "UIInterfaceOrientationPortrait UIInterfaceOrientationPortraitUpsideDown UIInterfaceOrientationLandscapeLeft UIInterfaceOrientationLandscapeRight";
				INFOPLIST_KEY_UISupportedInterfaceOrientations_iPhone = "UIInterfaceOrientationPortrait UIInterfaceOrientationLandscapeLeft UIInterfaceOrientationLandscapeRight";
				LD_RUNPATH_SEARCH_PATHS = (
					"$(inherited)",
					"@executable_path/Frameworks",
				);
				MARKETING_VERSION = 1.0;
				PRODUCT_BUNDLE_IDENTIFIER = johannalohmus.TravelJournal;
				PRODUCT_NAME = "$(TARGET_NAME)";
				SWIFT_EMIT_LOC_STRINGS = YES;
				SWIFT_VERSION = 5.0;
				TARGETED_DEVICE_FAMILY = "1,2";
			};
			name = Debug;
		};
		1E622DF62B61CA32000C679E /* Release */ = {
			isa = XCBuildConfiguration;
			buildSettings = {
				ASSETCATALOG_COMPILER_APPICON_NAME = AppIcon;
				ASSETCATALOG_COMPILER_GLOBAL_ACCENT_COLOR_NAME = AccentColor;
				CODE_SIGN_STYLE = Automatic;
				CURRENT_PROJECT_VERSION = 1;
				DEVELOPMENT_ASSET_PATHS = "\"TravelJournal/Preview Content\"";
				ENABLE_PREVIEWS = YES;
				GENERATE_INFOPLIST_FILE = YES;
				INFOPLIST_KEY_UIApplicationSceneManifest_Generation = YES;
				INFOPLIST_KEY_UIApplicationSupportsIndirectInputEvents = YES;
				INFOPLIST_KEY_UILaunchScreen_Generation = YES;
				INFOPLIST_KEY_UISupportedInterfaceOrientations_iPad = "UIInterfaceOrientationPortrait UIInterfaceOrientationPortraitUpsideDown UIInterfaceOrientationLandscapeLeft UIInterfaceOrientationLandscapeRight";
				INFOPLIST_KEY_UISupportedInterfaceOrientations_iPhone = "UIInterfaceOrientationPortrait UIInterfaceOrientationLandscapeLeft UIInterfaceOrientationLandscapeRight";
				LD_RUNPATH_SEARCH_PATHS = (
					"$(inherited)",
					"@executable_path/Frameworks",
				);
				MARKETING_VERSION = 1.0;
				PRODUCT_BUNDLE_IDENTIFIER = johannalohmus.TravelJournal;
				PRODUCT_NAME = "$(TARGET_NAME)";
				SWIFT_EMIT_LOC_STRINGS = YES;
				SWIFT_VERSION = 5.0;
				TARGETED_DEVICE_FAMILY = "1,2";
			};
			name = Release;
		};
		1E622DF82B61CA32000C679E /* Debug */ = {
			isa = XCBuildConfiguration;
			buildSettings = {
				ALWAYS_EMBED_SWIFT_STANDARD_LIBRARIES = YES;
				BUNDLE_LOADER = "$(TEST_HOST)";
				CODE_SIGN_STYLE = Automatic;
				CURRENT_PROJECT_VERSION = 1;
				GENERATE_INFOPLIST_FILE = YES;
				IPHONEOS_DEPLOYMENT_TARGET = 16.4;
				MARKETING_VERSION = 1.0;
				PRODUCT_BUNDLE_IDENTIFIER = johannalohmus.TravelJournalTests;
				PRODUCT_NAME = "$(TARGET_NAME)";
				SWIFT_EMIT_LOC_STRINGS = NO;
				SWIFT_VERSION = 5.0;
				TARGETED_DEVICE_FAMILY = "1,2";
				TEST_HOST = "$(BUILT_PRODUCTS_DIR)/TravelJournal.app/$(BUNDLE_EXECUTABLE_FOLDER_PATH)/TravelJournal";
			};
			name = Debug;
		};
		1E622DF92B61CA32000C679E /* Release */ = {
			isa = XCBuildConfiguration;
			buildSettings = {
				ALWAYS_EMBED_SWIFT_STANDARD_LIBRARIES = YES;
				BUNDLE_LOADER = "$(TEST_HOST)";
				CODE_SIGN_STYLE = Automatic;
				CURRENT_PROJECT_VERSION = 1;
				GENERATE_INFOPLIST_FILE = YES;
				IPHONEOS_DEPLOYMENT_TARGET = 16.4;
				MARKETING_VERSION = 1.0;
				PRODUCT_BUNDLE_IDENTIFIER = johannalohmus.TravelJournalTests;
				PRODUCT_NAME = "$(TARGET_NAME)";
				SWIFT_EMIT_LOC_STRINGS = NO;
				SWIFT_VERSION = 5.0;
				TARGETED_DEVICE_FAMILY = "1,2";
				TEST_HOST = "$(BUILT_PRODUCTS_DIR)/TravelJournal.app/$(BUNDLE_EXECUTABLE_FOLDER_PATH)/TravelJournal";
			};
			name = Release;
		};
		1E622DFB2B61CA32000C679E /* Debug */ = {
			isa = XCBuildConfiguration;
			buildSettings = {
				ALWAYS_EMBED_SWIFT_STANDARD_LIBRARIES = YES;
				CODE_SIGN_STYLE = Automatic;
				CURRENT_PROJECT_VERSION = 1;
				GENERATE_INFOPLIST_FILE = YES;
				MARKETING_VERSION = 1.0;
				PRODUCT_BUNDLE_IDENTIFIER = johannalohmus.TravelJournalUITests;
				PRODUCT_NAME = "$(TARGET_NAME)";
				SWIFT_EMIT_LOC_STRINGS = NO;
				SWIFT_VERSION = 5.0;
				TARGETED_DEVICE_FAMILY = "1,2";
				TEST_TARGET_NAME = TravelJournal;
			};
			name = Debug;
		};
		1E622DFC2B61CA32000C679E /* Release */ = {
			isa = XCBuildConfiguration;
			buildSettings = {
				ALWAYS_EMBED_SWIFT_STANDARD_LIBRARIES = YES;
				CODE_SIGN_STYLE = Automatic;
				CURRENT_PROJECT_VERSION = 1;
				GENERATE_INFOPLIST_FILE = YES;
				MARKETING_VERSION = 1.0;
				PRODUCT_BUNDLE_IDENTIFIER = johannalohmus.TravelJournalUITests;
				PRODUCT_NAME = "$(TARGET_NAME)";
				SWIFT_EMIT_LOC_STRINGS = NO;
				SWIFT_VERSION = 5.0;
				TARGETED_DEVICE_FAMILY = "1,2";
				TEST_TARGET_NAME = TravelJournal;
			};
			name = Release;
		};
/* End XCBuildConfiguration section */

/* Begin XCConfigurationList section */
		1E622DCB2B61CA31000C679E /* Build configuration list for PBXProject "TravelJournal" */ = {
			isa = XCConfigurationList;
			buildConfigurations = (
				1E622DF22B61CA32000C679E /* Debug */,
				1E622DF32B61CA32000C679E /* Release */,
			);
			defaultConfigurationIsVisible = 0;
			defaultConfigurationName = Release;
		};
		1E622DF42B61CA32000C679E /* Build configuration list for PBXNativeTarget "TravelJournal" */ = {
			isa = XCConfigurationList;
			buildConfigurations = (
				1E622DF52B61CA32000C679E /* Debug */,
				1E622DF62B61CA32000C679E /* Release */,
			);
			defaultConfigurationIsVisible = 0;
			defaultConfigurationName = Release;
		};
		1E622DF72B61CA32000C679E /* Build configuration list for PBXNativeTarget "TravelJournalTests" */ = {
			isa = XCConfigurationList;
			buildConfigurations = (
				1E622DF82B61CA32000C679E /* Debug */,
				1E622DF92B61CA32000C679E /* Release */,
			);
			defaultConfigurationIsVisible = 0;
			defaultConfigurationName = Release;
		};
		1E622DFA2B61CA32000C679E /* Build configuration list for PBXNativeTarget "TravelJournalUITests" */ = {
			isa = XCConfigurationList;
			buildConfigurations = (
				1E622DFB2B61CA32000C679E /* Debug */,
				1E622DFC2B61CA32000C679E /* Release */,
			);
			defaultConfigurationIsVisible = 0;
			defaultConfigurationName = Release;
		};
/* End XCConfigurationList section */

/* Begin XCRemoteSwiftPackageReference section */
		1E622DFF2B61D589000C679E /* XCRemoteSwiftPackageReference "firebase-ios-sdk" */ = {
			isa = XCRemoteSwiftPackageReference;
			repositoryURL = "https://github.com/firebase/firebase-ios-sdk";
			requirement = {
				kind = upToNextMajorVersion;
				minimumVersion = 10.0.0;
			};
		};
/* End XCRemoteSwiftPackageReference section */

/* Begin XCSwiftPackageProductDependency section */
		1E622E002B61D589000C679E /* FirebaseAnalytics */ = {
			isa = XCSwiftPackageProductDependency;
			package = 1E622DFF2B61D589000C679E /* XCRemoteSwiftPackageReference "firebase-ios-sdk" */;
			productName = FirebaseAnalytics;
		};
		1E622E022B61D589000C679E /* FirebaseAuth */ = {
			isa = XCSwiftPackageProductDependency;
			package = 1E622DFF2B61D589000C679E /* XCRemoteSwiftPackageReference "firebase-ios-sdk" */;
			productName = FirebaseAuth;
		};
		1E622E042B61D589000C679E /* FirebaseFirestore */ = {
			isa = XCSwiftPackageProductDependency;
			package = 1E622DFF2B61D589000C679E /* XCRemoteSwiftPackageReference "firebase-ios-sdk" */;
			productName = FirebaseFirestore;
		};
		1E622E062B61D589000C679E /* FirebaseFirestoreSwift */ = {
			isa = XCSwiftPackageProductDependency;
			package = 1E622DFF2B61D589000C679E /* XCRemoteSwiftPackageReference "firebase-ios-sdk" */;
			productName = FirebaseFirestoreSwift;
		};
/* End XCSwiftPackageProductDependency section */
	};
	rootObject = 1E622DC82B61CA31000C679E /* Project object */;
}
